{
    "name": "@brendangooch/card-table-position",
    "version": "1.0.0",
    "lockfileVersion": 3,
    "requires": true,
    "packages": {
        "": {
            "name": "@brendangooch/card-table-position",
            "version": "1.0.0",
            "license": "MIT",
            "dependencies": {
                "@brendangooch/maths": "^4.0.0",
                "@brendangooch/random": "^2.0.0"
            },
            "devDependencies": {
                "typescript": "^5.7.2"
            }
        },
        "node_modules/@brendangooch/maths": {
            "version": "4.0.0",
            "resolved": "https://registry.npmjs.org/@brendangooch/maths/-/maths-4.0.0.tgz",
            "integrity": "sha512-C36bcZ1kWa5dN0NspErzHOXQy6RD6ct964/LH/QKsLkS2UN8KfjAyJWxTkit8FtwFsHXwSBhkH7GaYcw3wTx6A==",
            "license": "MIT"
        },
        "node_modules/@brendangooch/random": {
            "version": "2.0.0",
            "resolved": "https://registry.npmjs.org/@brendangooch/random/-/random-2.0.0.tgz",
            "integrity": "sha512-rKKwXyk34m4b1yxcXfWv+2W6jTqvsudCnc8M/d4OzcNSl+LoCL3yexbLXyMBnsgvl+ddbg88HDi7B222TL7bYA==",
            "license": "MIT"
        },
        "node_modules/typescript": {
            "version": "5.7.2",
            "resolved": "https://registry.npmjs.org/typescript/-/typescript-5.7.2.tgz",
            "integrity": "sha512-i5t66RHxDvVN40HfDd1PsEThGNnlMCMT3jMUuoh9/0TaqWevNontacunWyN02LA9/fIbEWlcHZcgTKb9QoaLfg==",
            "dev": true,
            "license": "Apache-2.0",
            "bin": {
                "tsc": "bin/tsc",
                "tsserver": "bin/tsserver"
            },
            "engines": {
                "node": ">=14.17"
            }
        }
    }
}
